{
  "name": "react-nested-service-worker",
  "version": "0.0.1",
  "lockfileVersion": 3,
  "requires": true,
  "packages": {
    "": {
      "name": "react-nested-service-worker",
      "version": "0.0.1",
      "workspaces": [
        "packages/parent"
      ]
    },
    "node_modules/parent": {
      "resolved": "packages/parent",
      "link": true
    },
    "packages/parent": {
      "version": "0.0.1",
      "license": "MIT"
    }
  }
}
